
Microsoft Visual Studio Solution File, Format Version 12.00
# Visual Studio Version 16
VisualStudioVersion = 16.0.31702.278
MinimumVisualStudioVersion = 10.0.40219.1
Project("{FAE04EC0-301F-11D3-BF4B-00C04F79EFBC}") = "Proiect_Iosib_Alexandra", "Proiect_Iosib_Alexandra.csproj", "{6EF8B68C-9CFC-470D-A985-7ADA5B3A04B9}"
EndProject
Project("{FAE04EC0-301F-11D3-BF4B-00C04F79EFBC}") = "AprozarModel", "..\AprozarModel\AprozarModel.csproj", "{4761EAC6-2262-4F24-870A-1049311D04D8}"
EndProject
Global
	GlobalSection(SolutionConfigurationPlatforms) = preSolution
		Debug|Any CPU = Debug|Any CPU
		Release|Any CPU = Release|Any CPU
	EndGlobalSection
	GlobalSection(ProjectConfigurationPlatforms) = postSolution
		{6EF8B68C-9CFC-470D-A985-7ADA5B3A04B9}.Debug|Any CPU.ActiveCfg = Debug|Any CPU
		{6EF8B68C-9CFC-470D-A985-7ADA5B3A04B9}.Debug|Any CPU.Build.0 = Debug|Any CPU
		{6EF8B68C-9CFC-470D-A985-7ADA5B3A04B9}.Release|Any CPU.ActiveCfg = Release|Any CPU
		{6EF8B68C-9CFC-470D-A985-7ADA5B3A04B9}.Release|Any CPU.Build.0 = Release|Any CPU
		{4761EAC6-2262-4F24-870A-1049311D04D8}.Debug|Any CPU.ActiveCfg = Debug|Any CPU
		{4761EAC6-2262-4F24-870A-1049311D04D8}.Debug|Any CPU.Build.0 = Debug|Any CPU
		{4761EAC6-2262-4F24-870A-1049311D04D8}.Release|Any CPU.ActiveCfg = Release|Any CPU
		{4761EAC6-2262-4F24-870A-1049311D04D8}.Release|Any CPU.Build.0 = Release|Any CPU
	EndGlobalSection
	GlobalSection(SolutionProperties) = preSolution
		HideSolutionNode = FALSE
	EndGlobalSection
	GlobalSection(ExtensibilityGlobals) = postSolution
		SolutionGuid = {C41CAFCD-61BA-47E7-BC2F-804F043E404D}
	EndGlobalSection
EndGlobal
